
Microsoft Visual Studio Solution File, Format Version 12.00
# Visual Studio Version 17
VisualStudioVersion = 17.5.002.0
MinimumVisualStudioVersion = 10.0.40219.1
Project("{2150E333-8FDC-42A3-9474-1A3956D46DE8}") = "1_Hello_World", "1_Hello_World", "{D6928011-5D5B-40D6-AC6C-DA220C2498E7}"
EndProject
Project("{9A19103F-16F7-4668-BE54-9A1E7A4F7556}") = "HelloWorldApp", "1_Hello_World\C#\HelloWorldApp.csproj", "{A13C81B5-4EF0-49C4-B4DE-41B329F7F6B9}"
EndProject
Global
	GlobalSection(SolutionConfigurationPlatforms) = preSolution
		Debug|Any CPU = Debug|Any CPU
		Release|Any CPU = Release|Any CPU
	EndGlobalSection
	GlobalSection(ProjectConfigurationPlatforms) = postSolution
		{A13C81B5-4EF0-49C4-B4DE-41B329F7F6B9}.Debug|Any CPU.ActiveCfg = Debug|Any CPU
		{A13C81B5-4EF0-49C4-B4DE-41B329F7F6B9}.Debug|Any CPU.Build.0 = Debug|Any CPU
		{A13C81B5-4EF0-49C4-B4DE-41B329F7F6B9}.Release|Any CPU.ActiveCfg = Release|Any CPU
		{A13C81B5-4EF0-49C4-B4DE-41B329F7F6B9}.Release|Any CPU.Build.0 = Release|Any CPU
	EndGlobalSection
	GlobalSection(SolutionProperties) = preSolution
		HideSolutionNode = FALSE
	EndGlobalSection
	GlobalSection(NestedProjects) = preSolution
		{A13C81B5-4EF0-49C4-B4DE-41B329F7F6B9} = {D6928011-5D5B-40D6-AC6C-DA220C2498E7}
	EndGlobalSection
	GlobalSection(ExtensibilityGlobals) = postSolution
		SolutionGuid = {3E17BA12-B5D7-4D33-A922-1C52986F504E}
	EndGlobalSection
EndGlobal
